Microsoft Visual Studio Solution File, Format Version 12.00
# Visual Studio Version 17
VisualStudioVersion = 17.3.32804.467
MinimumVisualStudioVersion = 10.0.40219.1
Project("{9A19103F-16F7-4668-BE54-9A1E7A4F7556}") = "smart.contract", "source\smart.contract\smart.contract.csproj", "{D9D3244F-F195-4487-BD63-75841323FC86}"
EndProject
Project("{FAE04EC0-301F-11D3-BF4B-00C04F79EFBC}") = "smart.app.UWP", "source\smart.app\smart.app.UWP\smart.app.UWP.csproj", "{212734B2-B0CC-452C-B654-FB60E8709A39}"
EndProject
Project("{FAE04EC0-301F-11D3-BF4B-00C04F79EFBC}") = "smart.app.Android", "source\smart.app\smart.app.Android\smart.app.Android.csproj", "{43AF9E9D-A6EA-4089-BE85-D33A9E4E9638}"
EndProject
Project("{FAE04EC0-301F-11D3-BF4B-00C04F79EFBC}") = "smart.app.iOS", "source\smart.app\smart.app.iOS\smart.app.iOS.csproj", "{6C363828-4035-40AB-BB58-2E419B47C90E}"
EndProject
Project("{FAE04EC0-301F-11D3-BF4B-00C04F79EFBC}") = "smart.app", "source\smart.app\smart.app\smart.app.csproj", "{D6F6227C-4793-40A9-A623-58706AFF3A08}"
EndProject
Global
	GlobalSection(SolutionConfigurationPlatforms) = preSolution
		Debug|Any CPU = Debug|Any CPU
		Debug|ARM = Debug|ARM
		Debug|iPhone = Debug|iPhone
		Debug|iPhoneSimulator = Debug|iPhoneSimulator
		Debug|x64 = Debug|x64
		Debug|x86 = Debug|x86
		Release|Any CPU = Release|Any CPU
		Release|ARM = Release|ARM
		Release|iPhone = Release|iPhone
		Release|iPhoneSimulator = Release|iPhoneSimulator
		Release|x64 = Release|x64
		Release|x86 = Release|x86
	EndGlobalSection
	GlobalSection(ProjectConfigurationPlatforms) = postSolution
		{D9D3244F-F195-4487-BD63-75841323FC86}.Debug|Any CPU.ActiveCfg = Debug|Any CPU
		{D9D3244F-F195-4487-BD63-75841323FC86}.Debug|Any CPU.Build.0 = Debug|Any CPU
		{D9D3244F-F195-4487-BD63-75841323FC86}.Debug|ARM.ActiveCfg = Debug|Any CPU
		{D9D3244F-F195-4487-BD63-75841323FC86}.Debug|ARM.Build.0 = Debug|Any CPU
		{D9D3244F-F195-4487-BD63-75841323FC86}.Debug|iPhone.ActiveCfg = Debug|Any CPU
		{D9D3244F-F195-4487-BD63-75841323FC86}.Debug|iPhone.Build.0 = Debug|Any CPU
		{D9D3244F-F195-4487-BD63-75841323FC86}.Debug|iPhoneSimulator.ActiveCfg = Debug|Any CPU
		{D9D3244F-F195-4487-BD63-75841323FC86}.Debug|iPhoneSimulator.Build.0 = Debug|Any CPU
		{D9D3244F-F195-4487-BD63-75841323FC86}.Debug|x64.ActiveCfg = Debug|Any CPU
		{D9D3244F-F195-4487-BD63-75841323FC86}.Debug|x64.Build.0 = Debug|Any CPU
		{D9D3244F-F195-4487-BD63-75841323FC86}.Debug|x86.ActiveCfg = Debug|Any CPU
		{D9D3244F-F195-4487-BD63-75841323FC86}.Debug|x86.Build.0 = Debug|Any CPU
		{D9D3244F-F195-4487-BD63-75841323FC86}.Release|Any CPU.ActiveCfg = Release|Any CPU
		{D9D3244F-F195-4487-BD63-75841323FC86}.Release|Any CPU.Build.0 = Release|Any CPU
		{D9D3244F-F195-4487-BD63-75841323FC86}.Release|ARM.ActiveCfg = Release|Any CPU
		{D9D3244F-F195-4487-BD63-75841323FC86}.Release|ARM.Build.0 = Release|Any CPU
		{D9D3244F-F195-4487-BD63-75841323FC86}.Release|iPhone.ActiveCfg = Release|Any CPU
		{D9D3244F-F195-4487-BD63-75841323FC86}.Release|iPhone.Build.0 = Release|Any CPU
		{D9D3244F-F195-4487-BD63-75841323FC86}.Release|iPhoneSimulator.ActiveCfg = Release|Any CPU
		{D9D3244F-F195-4487-BD63-75841323FC86}.Release|iPhoneSimulator.Build.0 = Release|Any CPU
		{D9D3244F-F195-4487-BD63-75841323FC86}.Release|x64.ActiveCfg = Release|Any CPU
		{D9D3244F-F195-4487-BD63-75841323FC86}.Release|x64.Build.0 = Release|Any CPU
		{D9D3244F-F195-4487-BD63-75841323FC86}.Release|x86.ActiveCfg = Release|Any CPU
		{D9D3244F-F195-4487-BD63-75841323FC86}.Release|x86.Build.0 = Release|Any CPU
		{212734B2-B0CC-452C-B654-FB60E8709A39}.Debug|Any CPU.ActiveCfg = Debug|x64
		{212734B2-B0CC-452C-B654-FB60E8709A39}.Debug|Any CPU.Build.0 = Debug|x64
		{212734B2-B0CC-452C-B654-FB60E8709A39}.Debug|Any CPU.Deploy.0 = Debug|x64
		{212734B2-B0CC-452C-B654-FB60E8709A39}.Debug|ARM.ActiveCfg = Debug|ARM
		{212734B2-B0CC-452C-B654-FB60E8709A39}.Debug|ARM.Build.0 = Debug|ARM
		{212734B2-B0CC-452C-B654-FB60E8709A39}.Debug|ARM.Deploy.0 = Debug|ARM
		{212734B2-B0CC-452C-B654-FB60E8709A39}.Debug|iPhone.ActiveCfg = Debug|x64
		{212734B2-B0CC-452C-B654-FB60E8709A39}.Debug|iPhone.Build.0 = Debug|x64
		{212734B2-B0CC-452C-B654-FB60E8709A39}.Debug|iPhone.Deploy.0 = Debug|x64
		{212734B2-B0CC-452C-B654-FB60E8709A39}.Debug|iPhoneSimulator.ActiveCfg = Debug|x64
		{212734B2-B0CC-452C-B654-FB60E8709A39}.Debug|iPhoneSimulator.Build.0 = Debug|x64
		{212734B2-B0CC-452C-B654-FB60E8709A39}.Debug|iPhoneSimulator.Deploy.0 = Debug|x64
		{212734B2-B0CC-452C-B654-FB60E8709A39}.Debug|x64.ActiveCfg = Debug|x64
		{212734B2-B0CC-452C-B654-FB60E8709A39}.Debug|x64.Build.0 = Debug|x64
		{212734B2-B0CC-452C-B654-FB60E8709A39}.Debug|x64.Deploy.0 = Debug|x64
		{212734B2-B0CC-452C-B654-FB60E8709A39}.Debug|x86.ActiveCfg = Debug|x86
		{212734B2-B0CC-452C-B654-FB60E8709A39}.Debug|x86.Build.0 = Debug|x86
		{212734B2-B0CC-452C-B654-FB60E8709A39}.Debug|x86.Deploy.0 = Debug|x86
		{212734B2-B0CC-452C-B654-FB60E8709A39}.Release|Any CPU.ActiveCfg = Release|x64
		{212734B2-B0CC-452C-B654-FB60E8709A39}.Release|Any CPU.Build.0 = Release|x64
		{212734B2-B0CC-452C-B654-FB60E8709A39}.Release|Any CPU.Deploy.0 = Release|x64
		{212734B2-B0CC-452C-B654-FB60E8709A39}.Release|ARM.ActiveCfg = Release|ARM
		{212734B2-B0CC-452C-B654-FB60E8709A39}.Release|ARM.Build.0 = Release|ARM
		{212734B2-B0CC-452C-B654-FB60E8709A39}.Release|ARM.Deploy.0 = Release|ARM
		{212734B2-B0CC-452C-B654-FB60E8709A39}.Release|iPhone.ActiveCfg = Release|x64
		{212734B2-B0CC-452C-B654-FB60E8709A39}.Release|iPhone.Build.0 = Release|x64
		{212734B2-B0CC-452C-B654-FB60E8709A39}.Release|iPhone.Deploy.0 = Release|x64
		{212734B2-B0CC-452C-B654-FB60E8709A39}.Release|iPhoneSimulator.ActiveCfg = Release|x64
		{212734B2-B0CC-452C-B654-FB60E8709A39}.Release|iPhoneSimulator.Build.0 = Release|x64
		{212734B2-B0CC-452C-B654-FB60E8709A39}.Release|iPhoneSimulator.Deploy.0 = Release|x64
		{212734B2-B0CC-452C-B654-FB60E8709A39}.Release|x64.ActiveCfg = Release|x64
		{212734B2-B0CC-452C-B654-FB60E8709A39}.Release|x64.Build.0 = Release|x64
		{212734B2-B0CC-452C-B654-FB60E8709A39}.Release|x64.Deploy.0 = Release|x64
		{212734B2-B0CC-452C-B654-FB60E8709A39}.Release|x86.ActiveCfg = Release|x86
		{212734B2-B0CC-452C-B654-FB60E8709A39}.Release|x86.Build.0 = Release|x86
		{212734B2-B0CC-452C-B654-FB60E8709A39}.Release|x86.Deploy.0 = Release|x86
		{43AF9E9D-A6EA-4089-BE85-D33A9E4E9638}.Debug|Any CPU.ActiveCfg = Debug|Any CPU
		{43AF9E9D-A6EA-4089-BE85-D33A9E4E9638}.Debug|Any CPU.Build.0 = Debug|Any CPU
		{43AF9E9D-A6EA-4089-BE85-D33A9E4E9638}.Debug|Any CPU.Deploy.0 = Debug|Any CPU
		{43AF9E9D-A6EA-4089-BE85-D33A9E4E9638}.Debug|ARM.ActiveCfg = Debug|Any CPU
		{43AF9E9D-A6EA-4089-BE85-D33A9E4E9638}.Debug|ARM.Build.0 = Debug|Any CPU
		{43AF9E9D-A6EA-4089-BE85-D33A9E4E9638}.Debug|ARM.Deploy.0 = Debug|Any CPU
		{43AF9E9D-A6EA-4089-BE85-D33A9E4E9638}.Debug|iPhone.ActiveCfg = Debug|Any CPU
		{43AF9E9D-A6EA-4089-BE85-D33A9E4E9638}.Debug|iPhone.Build.0 = Debug|Any CPU
		{43AF9E9D-A6EA-4089-BE85-D33A9E4E9638}.Debug|iPhone.Deploy.0 = Debug|Any CPU
		{43AF9E9D-A6EA-4089-BE85-D33A9E4E9638}.Debug|iPhoneSimulator.ActiveCfg = Debug|Any CPU
		{43AF9E9D-A6EA-4089-BE85-D33A9E4E9638}.Debug|iPhoneSimulator.Build.0 = Debug|Any CPU
		{43AF9E9D-A6EA-4089-BE85-D33A9E4E9638}.Debug|iPhoneSimulator.Deploy.0 = Debug|Any CPU
		{43AF9E9D-A6EA-4089-BE85-D33A9E4E9638}.Debug|x64.ActiveCfg = Debug|Any CPU
		{43AF9E9D-A6EA-4089-BE85-D33A9E4E9638}.Debug|x64.Build.0 = Debug|Any CPU
		{43AF9E9D-A6EA-4089-BE85-D33A9E4E9638}.Debug|x64.Deploy.0 = Debug|Any CPU
		{43AF9E9D-A6EA-4089-BE85-D33A9E4E9638}.Debug|x86.ActiveCfg = Debug|Any CPU
		{43AF9E9D-A6EA-4089-BE85-D33A9E4E9638}.Debug|x86.Build.0 = Debug|Any CPU
		{43AF9E9D-A6EA-4089-BE85-D33A9E4E9638}.Debug|x86.Deploy.0 = Debug|Any CPU
		{43AF9E9D-A6EA-4089-BE85-D33A9E4E9638}.Release|Any CPU.ActiveCfg = Release|Any CPU
		{43AF9E9D-A6EA-4089-BE85-D33A9E4E9638}.Release|Any CPU.Build.0 = Release|Any CPU
		{43AF9E9D-A6EA-4089-BE85-D33A9E4E9638}.Release|Any CPU.Deploy.0 = Release|Any CPU
		{43AF9E9D-A6EA-4089-BE85-D33A9E4E9638}.Release|ARM.ActiveCfg = Release|Any CPU
		{43AF9E9D-A6EA-4089-BE85-D33A9E4E9638}.Release|ARM.Build.0 = Release|Any CPU
		{43AF9E9D-A6EA-4089-BE85-D33A9E4E9638}.Release|ARM.Deploy.0 = Release|Any CPU
		{43AF9E9D-A6EA-4089-BE85-D33A9E4E9638}.Release|iPhone.ActiveCfg = Release|Any CPU
		{43AF9E9D-A6EA-4089-BE85-D33A9E4E9638}.Release|iPhone.Build.0 = Release|Any CPU
		{43AF9E9D-A6EA-4089-BE85-D33A9E4E9638}.Release|iPhone.Deploy.0 = Release|Any CPU
		{43AF9E9D-A6EA-4089-BE85-D33A9E4E9638}.Release|iPhoneSimulator.ActiveCfg = Release|Any CPU
		{43AF9E9D-A6EA-4089-BE85-D33A9E4E9638}.Release|iPhoneSimulator.Build.0 = Release|Any CPU
		{43AF9E9D-A6EA-4089-BE85-D33A9E4E9638}.Release|iPhoneSimulator.Deploy.0 = Release|Any CPU
		{43AF9E9D-A6EA-4089-BE85-D33A9E4E9638}.Release|x64.ActiveCfg = Release|Any CPU
		{43AF9E9D-A6EA-4089-BE85-D33A9E4E9638}.Release|x64.Build.0 = Release|Any CPU
		{43AF9E9D-A6EA-4089-BE85-D33A9E4E9638}.Release|x64.Deploy.0 = Release|Any CPU
		{43AF9E9D-A6EA-4089-BE85-D33A9E4E9638}.Release|x86.ActiveCfg = Release|Any CPU
		{43AF9E9D-A6EA-4089-BE85-D33A9E4E9638}.Release|x86.Build.0 = Release|Any CPU
		{43AF9E9D-A6EA-4089-BE85-D33A9E4E9638}.Release|x86.Deploy.0 = Release|Any CPU
		{6C363828-4035-40AB-BB58-2E419B47C90E}.Debug|Any CPU.ActiveCfg = Debug|iPhoneSimulator
		{6C363828-4035-40AB-BB58-2E419B47C90E}.Debug|Any CPU.Build.0 = Debug|iPhoneSimulator
		{6C363828-4035-40AB-BB58-2E419B47C90E}.Debug|ARM.ActiveCfg = Debug|iPhoneSimulator
		{6C363828-4035-40AB-BB58-2E419B47C90E}.Debug|ARM.Build.0 = Debug|iPhoneSimulator
		{6C363828-4035-40AB-BB58-2E419B47C90E}.Debug|iPhone.ActiveCfg = Debug|iPhone
		{6C363828-4035-40AB-BB58-2E419B47C90E}.Debug|iPhone.Build.0 = Debug|iPhone
		{6C363828-4035-40AB-BB58-2E419B47C90E}.Debug|iPhoneSimulator.ActiveCfg = Debug|iPhoneSimulator
		{6C363828-4035-40AB-BB58-2E419B47C90E}.Debug|iPhoneSimulator.Build.0 = Debug|iPhoneSimulator
		{6C363828-4035-40AB-BB58-2E419B47C90E}.Debug|x64.ActiveCfg = Debug|iPhoneSimulator
		{6C363828-4035-40AB-BB58-2E419B47C90E}.Debug|x64.Build.0 = Debug|iPhoneSimulator
		{6C363828-4035-40AB-BB58-2E419B47C90E}.Debug|x86.ActiveCfg = Debug|iPhoneSimulator
		{6C363828-4035-40AB-BB58-2E419B47C90E}.Debug|x86.Build.0 = Debug|iPhoneSimulator
		{6C363828-4035-40AB-BB58-2E419B47C90E}.Release|Any CPU.ActiveCfg = Release|iPhoneSimulator
		{6C363828-4035-40AB-BB58-2E419B47C90E}.Release|Any CPU.Build.0 = Release|iPhoneSimulator
		{6C363828-4035-40AB-BB58-2E419B47C90E}.Release|ARM.ActiveCfg = Release|iPhoneSimulator
		{6C363828-4035-40AB-BB58-2E419B47C90E}.Release|ARM.Build.0 = Release|iPhoneSimulator
		{6C363828-4035-40AB-BB58-2E419B47C90E}.Release|iPhone.ActiveCfg = Release|iPhone
		{6C363828-4035-40AB-BB58-2E419B47C90E}.Release|iPhone.Build.0 = Release|iPhone
		{6C363828-4035-40AB-BB58-2E419B47C90E}.Release|iPhoneSimulator.ActiveCfg = Release|iPhoneSimulator
		{6C363828-4035-40AB-BB58-2E419B47C90E}.Release|iPhoneSimulator.Build.0 = Release|iPhoneSimulator
		{6C363828-4035-40AB-BB58-2E419B47C90E}.Release|x64.ActiveCfg = Release|iPhoneSimulator
		{6C363828-4035-40AB-BB58-2E419B47C90E}.Release|x64.Build.0 = Release|iPhoneSimulator
		{6C363828-4035-40AB-BB58-2E419B47C90E}.Release|x86.ActiveCfg = Release|iPhoneSimulator
		{6C363828-4035-40AB-BB58-2E419B47C90E}.Release|x86.Build.0 = Release|iPhoneSimulator
		{D6F6227C-4793-40A9-A623-58706AFF3A08}.Debug|Any CPU.ActiveCfg = Debug|Any CPU
		{D6F6227C-4793-40A9-A623-58706AFF3A08}.Debug|Any CPU.Build.0 = Debug|Any CPU
		{D6F6227C-4793-40A9-A623-58706AFF3A08}.Debug|ARM.ActiveCfg = Debug|Any CPU
		{D6F6227C-4793-40A9-A623-58706AFF3A08}.Debug|ARM.Build.0 = Debug|Any CPU
		{D6F6227C-4793-40A9-A623-58706AFF3A08}.Debug|iPhone.ActiveCfg = Debug|Any CPU
		{D6F6227C-4793-40A9-A623-58706AFF3A08}.Debug|iPhone.Build.0 = Debug|Any CPU
		{D6F6227C-4793-40A9-A623-58706AFF3A08}.Debug|iPhoneSimulator.ActiveCfg = Debug|Any CPU
		{D6F6227C-4793-40A9-A623-58706AFF3A08}.Debug|iPhoneSimulator.Build.0 = Debug|Any CPU
		{D6F6227C-4793-40A9-A623-58706AFF3A08}.Debug|x64.ActiveCfg = Debug|Any CPU
		{D6F6227C-4793-40A9-A623-58706AFF3A08}.Debug|x64.Build.0 = Debug|Any CPU
		{D6F6227C-4793-40A9-A623-58706AFF3A08}.Debug|x86.ActiveCfg = Debug|Any CPU
		{D6F6227C-4793-40A9-A623-58706AFF3A08}.Debug|x86.Build.0 = Debug|Any CPU
		{D6F6227C-4793-40A9-A623-58706AFF3A08}.Release|Any CPU.ActiveCfg = Release|Any CPU
		{D6F6227C-4793-40A9-A623-58706AFF3A08}.Release|Any CPU.Build.0 = Release|Any CPU
		{D6F6227C-4793-40A9-A623-58706AFF3A08}.Release|ARM.ActiveCfg = Release|Any CPU
		{D6F6227C-4793-40A9-A623-58706AFF3A08}.Release|ARM.Build.0 = Release|Any CPU
		{D6F6227C-4793-40A9-A623-58706AFF3A08}.Release|iPhone.ActiveCfg = Release|Any CPU
		{D6F6227C-4793-40A9-A623-58706AFF3A08}.Release|iPhone.Build.0 = Release|Any CPU
		{D6F6227C-4793-40A9-A623-58706AFF3A08}.Release|iPhoneSimulator.ActiveCfg = Release|Any CPU
		{D6F6227C-4793-40A9-A623-58706AFF3A08}.Release|iPhoneSimulator.Build.0 = Release|Any CPU
		{D6F6227C-4793-40A9-A623-58706AFF3A08}.Release|x64.ActiveCfg = Release|Any CPU
		{D6F6227C-4793-40A9-A623-58706AFF3A08}.Release|x64.Build.0 = Release|Any CPU
		{D6F6227C-4793-40A9-A623-58706AFF3A08}.Release|x86.ActiveCfg = Release|Any CPU
		{D6F6227C-4793-40A9-A623-58706AFF3A08}.Release|x86.Build.0 = Release|Any CPU
	EndGlobalSection
	GlobalSection(SolutionProperties) = preSolution
		HideSolutionNode = FALSE
	EndGlobalSection
	GlobalSection(ExtensibilityGlobals) = postSolution
		SolutionGuid = {F727702C-BAF0-489D-A045-F7D5015A54D6}
	EndGlobalSection
EndGlobal
