
Microsoft Visual Studio Solution File, Format Version 12.00
# Visual Studio Version 17
VisualStudioVersion = 17.3.32804.467
MinimumVisualStudioVersion = 10.0.40219.1
Project("{9A19103F-16F7-4668-BE54-9A1E7A4F7556}") = "smart.resources", "source\smart.resources\smart.resources.csproj", "{DCEC2FE3-B908-4B90-B3E5-E772B6D4E8CF}"
EndProject
Project("{9A19103F-16F7-4668-BE54-9A1E7A4F7556}") = "smart.handler.shelly", "source\smart.handler.shelly\smart.handler.shelly.csproj", "{F99F77A4-0E36-4F36-8370-A4CFDEBE2672}"
EndProject
Project("{9A19103F-16F7-4668-BE54-9A1E7A4F7556}") = "smart.core", "source\smart.core\smart.core.csproj", "{0B919E84-ADD3-4A0C-B575-53C8700F6E69}"
EndProject
Project("{9A19103F-16F7-4668-BE54-9A1E7A4F7556}") = "smart.contract", "source\smart.contract\smart.contract.csproj", "{ADAD0661-A278-48E1-B391-B2AD0BDDC2B9}"
EndProject
Global
	GlobalSection(SolutionConfigurationPlatforms) = preSolution
		Debug|Any CPU = Debug|Any CPU
		Release|Any CPU = Release|Any CPU
	EndGlobalSection
	GlobalSection(ProjectConfigurationPlatforms) = postSolution
		{DCEC2FE3-B908-4B90-B3E5-E772B6D4E8CF}.Debug|Any CPU.ActiveCfg = Debug|Any CPU
		{DCEC2FE3-B908-4B90-B3E5-E772B6D4E8CF}.Debug|Any CPU.Build.0 = Debug|Any CPU
		{DCEC2FE3-B908-4B90-B3E5-E772B6D4E8CF}.Release|Any CPU.ActiveCfg = Release|Any CPU
		{DCEC2FE3-B908-4B90-B3E5-E772B6D4E8CF}.Release|Any CPU.Build.0 = Release|Any CPU
		{F99F77A4-0E36-4F36-8370-A4CFDEBE2672}.Debug|Any CPU.ActiveCfg = Debug|Any CPU
		{F99F77A4-0E36-4F36-8370-A4CFDEBE2672}.Debug|Any CPU.Build.0 = Debug|Any CPU
		{F99F77A4-0E36-4F36-8370-A4CFDEBE2672}.Release|Any CPU.ActiveCfg = Release|Any CPU
		{F99F77A4-0E36-4F36-8370-A4CFDEBE2672}.Release|Any CPU.Build.0 = Release|Any CPU
		{0B919E84-ADD3-4A0C-B575-53C8700F6E69}.Debug|Any CPU.ActiveCfg = Debug|Any CPU
		{0B919E84-ADD3-4A0C-B575-53C8700F6E69}.Debug|Any CPU.Build.0 = Debug|Any CPU
		{0B919E84-ADD3-4A0C-B575-53C8700F6E69}.Release|Any CPU.ActiveCfg = Release|Any CPU
		{0B919E84-ADD3-4A0C-B575-53C8700F6E69}.Release|Any CPU.Build.0 = Release|Any CPU
		{ADAD0661-A278-48E1-B391-B2AD0BDDC2B9}.Debug|Any CPU.ActiveCfg = Debug|Any CPU
		{ADAD0661-A278-48E1-B391-B2AD0BDDC2B9}.Debug|Any CPU.Build.0 = Debug|Any CPU
		{ADAD0661-A278-48E1-B391-B2AD0BDDC2B9}.Release|Any CPU.ActiveCfg = Release|Any CPU
		{ADAD0661-A278-48E1-B391-B2AD0BDDC2B9}.Release|Any CPU.Build.0 = Release|Any CPU
	EndGlobalSection
	GlobalSection(SolutionProperties) = preSolution
		HideSolutionNode = FALSE
	EndGlobalSection
	GlobalSection(ExtensibilityGlobals) = postSolution
		RESX_Rules = {"EnabledRules":["StringFormat","WhiteSpaceLead","WhiteSpaceTail","PunctuationLead"]}
		SolutionGuid = {5614890F-885D-4231-9936-87533C0377A0}
	EndGlobalSection
EndGlobal
